// !$*UTF8*$!
{
	archiveVersion = 1;
	classes = {};
	objectVersion = 60;
	objects = {

/* Begin PBXBuildFile section */
        A716C0DE0000000000000003 /* ContributionDuplicatePolicy.swift in Sources */ = {isa = PBXBuildFile; fileRef = A716C0DE0000000000000004 /* ContributionDuplicatePolicy.swift */; };
        A716C0DE0000000000000001 /* CatalogSyncSchema.swift in Sources */ = {isa = PBXBuildFile; fileRef = A716C0DE0000000000000002 /* CatalogSyncSchema.swift */; };
		CDCDCDCDCDCDCDCDCDCD0005 /* FilmGroupRules.swift in Sources */ = {isa = PBXBuildFile; fileRef = CDCDCDCDCDCDCDCDCDCD0006 /* FilmGroupRules.swift */; };
		CDCDCDCDCDCDCDCDCDCD0003 /* ContributionHubView.swift in Sources */ = {isa = PBXBuildFile; fileRef = CDCDCDCDCDCDCDCDCDCD0004 /* ContributionHubView.swift */; };
		CDCDCDCDCDCDCDCDCDCD0001 /* ContributionService.swift in Sources */ = {isa = PBXBuildFile; fileRef = CDCDCDCDCDCDCDCDCDCD0002 /* ContributionService.swift */; };
		AC0100000000000000000001 /* SearchAndTip.swift in Sources */ = {isa = PBXBuildFile; fileRef = AC0100000000000000000002 /* SearchAndTip.swift */; };
		A109A109A109A109A109A109 /* MovieMetadataService.swift in Sources */ = {isa = PBXBuildFile; fileRef = A110A110A110A110A110A110 /* MovieMetadataService.swift */; };
		A111A111A111A111A111A111 /* MovieMetadataStore.swift in Sources */ = {isa = PBXBuildFile; fileRef = A112A112A112A112A112A112 /* MovieMetadataStore.swift */; };
		A101A101A101A101A101A101 /* MovieMetadataModels.swift in Sources */ = {isa = PBXBuildFile; fileRef = A102A102A102A102A102A102 /* MovieMetadataModels.swift */; };
		A103A103A103A103A103A103 /* MovieMetadataRequest.swift in Sources */ = {isa = PBXBuildFile; fileRef = A104A104A104A104A104A104 /* MovieMetadataRequest.swift */; };
		A105A105A105A105A105A105 /* MovieMetadataCache.swift in Sources */ = {isa = PBXBuildFile; fileRef = A106A106A106A106A106A106 /* MovieMetadataCache.swift */; };
		A107A107A107A107A107A107 /* MovieCachePolicy.swift in Sources */ = {isa = PBXBuildFile; fileRef = A108A108A108A108A108A108 /* MovieCachePolicy.swift */; };
		A1C001000000000000000001 /* Assets.xcassets in Resources */ = {isa = PBXBuildFile; fileRef = A1C001000000000000000002 /* Assets.xcassets */; };
		AA99AA99AA99AA99AA99AA99 /* HistoricalYearFormatter.swift in Sources */ = {isa = PBXBuildFile; fileRef = BB99BB99BB99BB99BB99BB99 /* HistoricalYearFormatter.swift */; };
		AA88AA88AA88AA88AA88AA88 /* RootView.swift in Sources */ = {isa = PBXBuildFile; fileRef = BB88BB88BB88BB88BB88BB88 /* RootView.swift */; };
		AA11AA11AA11AA11AA11AA11 /* L10n.swift in Sources */ = {isa = PBXBuildFile; fileRef = BB11BB11BB11BB11BB11BB11 /* L10n.swift */; };
		AA22AA22AA22AA22AA22AA22 /* GenreLocalization.swift in Sources */ = {isa = PBXBuildFile; fileRef = BB22BB22BB22BB22BB22BB22 /* GenreLocalization.swift */; };
		AA33AA33AA33AA33AA33AA33 /* Localizable.xcstrings in Resources */ = {isa = PBXBuildFile; fileRef = BB33BB33BB33BB33BB33BB33 /* Localizable.xcstrings */; };
		5FD849EDF8AF183A0AE8AA71 /* AppModel.swift in Sources */ = {isa = PBXBuildFile; fileRef = 9EF503381B992287151128BF /* AppModel.swift */; };
		3DEC398AE3A7CE9F5F4A965B /* ReelAtlasApp.swift in Sources */ = {isa = PBXBuildFile; fileRef = 5E55BF5F8B10A148CDCE1D14 /* ReelAtlasApp.swift */; };
		AF51D791F464B8E48D129932 /* Domain.swift in Sources */ = {isa = PBXBuildFile; fileRef = 91B93D641D86DA36F2A4869E /* Domain.swift */; };
		C4DA915FA7BA04C5FB3375F3 /* LanguageResolver.swift in Sources */ = {isa = PBXBuildFile; fileRef = 0BC1BD3B3BE5EA0528491E2A /* LanguageResolver.swift */; };
		4DE5D44A93B85EBE0821CEB5 /* LocationFallbackResolver.swift in Sources */ = {isa = PBXBuildFile; fileRef = F339A0B8E2F629D8F3FB2D00 /* LocationFallbackResolver.swift */; };
		EB426DD4C02DECE0F4E7972A /* RankingCalculator.swift in Sources */ = {isa = PBXBuildFile; fileRef = 7AE8E1B1F7F0934246C1F270 /* RankingCalculator.swift */; };
		B183FF6C9FC38609B6D09D73 /* StoryTimeMatcher.swift in Sources */ = {isa = PBXBuildFile; fileRef = 4A1E3BDCE6B767CB4A1A311C /* StoryTimeMatcher.swift */; };
		C011A7C011A7C011A7C011A7 /* ResultsDrawerState.swift in Sources */ = {isa = PBXBuildFile; fileRef = D011A7D011A7D011A7D011A7 /* ResultsDrawerState.swift */; };
		C022A7C022A7C022A7C022A7 /* RegionalCapitalResolver.swift in Sources */ = {isa = PBXBuildFile; fileRef = D022A7D022A7D022A7D022A7 /* RegionalCapitalResolver.swift */; };
		546A149725638EAE0FD29399 /* AppModels.swift in Sources */ = {isa = PBXBuildFile; fileRef = 6E0D1D2A4DA00DD02016B6DB /* AppModels.swift */; };
		C7374887F0423BFB9474AB50 /* ContentRepository.swift in Sources */ = {isa = PBXBuildFile; fileRef = 0516E96CD5535D01BCFE3B04 /* ContentRepository.swift */; };
		A715C0DE0000000000000001 /* StoryContentSyncService.swift in Sources */ = {isa = PBXBuildFile; fileRef = A715C0DE0000000000000002 /* StoryContentSyncService.swift */; };
		A715C0DE0000000000000003 /* CatalogDiscoveryService.swift in Sources */ = {isa = PBXBuildFile; fileRef = A715C0DE0000000000000004 /* CatalogDiscoveryService.swift */; };
		7BDBE1CDFD06A2C50B4BE534 /* SQLiteSupport.swift in Sources */ = {isa = PBXBuildFile; fileRef = DA8CE6E9DED9CF76F01CB8FE /* SQLiteSupport.swift */; };
		9345AD4F8BC1A8C967EF87BA /* UserDatabase.swift in Sources */ = {isa = PBXBuildFile; fileRef = 1E4DD26FEF99784CA310BCFF /* UserDatabase.swift */; };
		73AC59DC38C4BCAE90CB6A51 /* HomeView.swift in Sources */ = {isa = PBXBuildFile; fileRef = B4375501A72C9DE1B1CA7551 /* HomeView.swift */; };
		A715C0DE0000000000000005 /* FilmListView.swift in Sources */ = {isa = PBXBuildFile; fileRef = A715C0DE0000000000000006 /* FilmListView.swift */; };
		43C410B1320B5E42110E8BD5 /* LocalPosterView.swift in Sources */ = {isa = PBXBuildFile; fileRef = 61DCCA4205B511DAEFF87741 /* LocalPosterView.swift */; };
		61CA3745500A39737E07867D /* MovieRowView.swift in Sources */ = {isa = PBXBuildFile; fileRef = 562F87B2992791CAB6868FAE /* MovieRowView.swift */; };
		F08D810C7806746D3128B323 /* YearPickerView.swift in Sources */ = {isa = PBXBuildFile; fileRef = 79F170016F747653F1E1D820 /* YearPickerView.swift */; };
		BB076408A9E10FA39AAAF21B /* MovieDetailView.swift in Sources */ = {isa = PBXBuildFile; fileRef = 6DBF363EF8A7EA7CB110E6C1 /* MovieDetailView.swift */; };
		CB1076C84BD57B760C1C6FF2 /* LegalPage.swift in Sources */ = {isa = PBXBuildFile; fileRef = 08FD487AC1CCA21C1D54DBCE /* LegalPage.swift */; };
		B4F683168D6A06CFE21D97A7 /* LegalPageView.swift in Sources */ = {isa = PBXBuildFile; fileRef = A1DEA2EBACA3B5907301CEC0 /* LegalPageView.swift */; };
		C39F17A9D8D426101588E4EF /* SettingsView.swift in Sources */ = {isa = PBXBuildFile; fileRef = 401E5A1B5F40634691E95B18 /* SettingsView.swift */; };
		208E9A9A576B2D68BA8ACC98 /* MapSearchService.swift in Sources */ = {isa = PBXBuildFile; fileRef = 5CD9BD357F250E7699B3AFC7 /* MapSearchService.swift */; };
		FE31D6C0EE53232F44E942C6 /* PurchaseManager.swift in Sources */ = {isa = PBXBuildFile; fileRef = B92075C8DCAEF72D7F2A5A5F /* PurchaseManager.swift */; };
		C8BB2EAD0B288DD9D1F913DA /* schema.sql in Resources */ = {isa = PBXBuildFile; fileRef = 56E2770C3F1E92C1A9D818D2 /* schema.sql */; };
		7600DB4DC55071FDB57DDEAA /* Privacy.md in Resources */ = {isa = PBXBuildFile; fileRef = 57C7514EFEBEE51A1A992E32 /* Privacy.md */; };
			62D368F9B21651CF6C9DAE55 /* Terms.md in Resources */ = {isa = PBXBuildFile; fileRef = 008E84BC0BFA563224D5B539 /* Terms.md */; };
			0A1B2C3D4E5F678901234567 /* PrivacyInfo.xcprivacy in Resources */ = {isa = PBXBuildFile; fileRef = 0A1B2C3D4E5F678901234568 /* PrivacyInfo.xcprivacy */; };
/* End PBXBuildFile section */

/* Begin PBXFileReference section */
        A716C0DE0000000000000004 /* ContributionDuplicatePolicy.swift */ = {isa = PBXFileReference; lastKnownFileType = sourcecode.swift; name = ContributionDuplicatePolicy.swift; path = "ReelAtlas/Core/ContributionDuplicatePolicy.swift"; sourceTree = SOURCE_ROOT; };
        A716C0DE0000000000000002 /* CatalogSyncSchema.swift */ = {isa = PBXFileReference; lastKnownFileType = sourcecode.swift; name = CatalogSyncSchema.swift; path = "ReelAtlas/Data/CatalogSyncSchema.swift"; sourceTree = SOURCE_ROOT; };
		CDCDCDCDCDCDCDCDCDCD0006 /* FilmGroupRules.swift */ = {isa = PBXFileReference; lastKnownFileType = sourcecode.swift; name = FilmGroupRules.swift; path = "ReelAtlas/Core/FilmGroupRules.swift"; sourceTree = SOURCE_ROOT; };
		CDCDCDCDCDCDCDCDCDCD0004 /* ContributionHubView.swift */ = {isa = PBXFileReference; lastKnownFileType = sourcecode.swift; name = ContributionHubView.swift; path = "ReelAtlas/Features/Contribution/ContributionHubView.swift"; sourceTree = SOURCE_ROOT; };
		CDCDCDCDCDCDCDCDCDCD0002 /* ContributionService.swift */ = {isa = PBXFileReference; lastKnownFileType = sourcecode.swift; name = ContributionService.swift; path = "ReelAtlas/Data/ContributionService.swift"; sourceTree = SOURCE_ROOT; };
		AC0100000000000000000002 /* SearchAndTip.swift */ = {isa = PBXFileReference; lastKnownFileType = sourcecode.swift; name = SearchAndTip.swift; path = "ReelAtlas/Core/SearchAndTip.swift"; sourceTree = SOURCE_ROOT; };
		AC0100000000000000000003 /* Tips.storekit */ = {isa = PBXFileReference; lastKnownFileType = text; name = Tips.storekit; path = "ReelAtlas/Resources/Tips.storekit"; sourceTree = SOURCE_ROOT; };
		A110A110A110A110A110A110 /* MovieMetadataService.swift */ = {isa = PBXFileReference; lastKnownFileType = sourcecode.swift; name = MovieMetadataService.swift; path = "ReelAtlas/Core/MovieMetadataService.swift"; sourceTree = SOURCE_ROOT; };
		A112A112A112A112A112A112 /* MovieMetadataStore.swift */ = {isa = PBXFileReference; lastKnownFileType = sourcecode.swift; name = MovieMetadataStore.swift; path = "ReelAtlas/Core/MovieMetadataStore.swift"; sourceTree = SOURCE_ROOT; };
		A102A102A102A102A102A102 /* MovieMetadataModels.swift */ = {isa = PBXFileReference; lastKnownFileType = sourcecode.swift; name = MovieMetadataModels.swift; path = "ReelAtlas/Core/MovieMetadataModels.swift"; sourceTree = SOURCE_ROOT; };
		A104A104A104A104A104A104 /* MovieMetadataRequest.swift */ = {isa = PBXFileReference; lastKnownFileType = sourcecode.swift; name = MovieMetadataRequest.swift; path = "ReelAtlas/Core/MovieMetadataRequest.swift"; sourceTree = SOURCE_ROOT; };
		A106A106A106A106A106A106 /* MovieMetadataCache.swift */ = {isa = PBXFileReference; lastKnownFileType = sourcecode.swift; name = MovieMetadataCache.swift; path = "ReelAtlas/Core/MovieMetadataCache.swift"; sourceTree = SOURCE_ROOT; };
		A108A108A108A108A108A108 /* MovieCachePolicy.swift */ = {isa = PBXFileReference; lastKnownFileType = sourcecode.swift; name = MovieCachePolicy.swift; path = "ReelAtlas/Core/MovieCachePolicy.swift"; sourceTree = SOURCE_ROOT; };
		A1C001000000000000000002 /* Assets.xcassets */ = {isa = PBXFileReference; lastKnownFileType = folder.assetcatalog; name = Assets.xcassets; path = "ReelAtlas/Resources/Assets.xcassets"; sourceTree = SOURCE_ROOT; };
		BB99BB99BB99BB99BB99BB99 /* HistoricalYearFormatter.swift */ = {isa = PBXFileReference; lastKnownFileType = sourcecode.swift; name = HistoricalYearFormatter.swift; path = "ReelAtlas/Core/HistoricalYearFormatter.swift"; sourceTree = SOURCE_ROOT; };
		BB88BB88BB88BB88BB88BB88 /* RootView.swift */ = {isa = PBXFileReference; lastKnownFileType = sourcecode.swift; name = RootView.swift; path = "ReelAtlas/App/RootView.swift"; sourceTree = SOURCE_ROOT; };
		BB11BB11BB11BB11BB11BB11 /* L10n.swift */ = {isa = PBXFileReference; lastKnownFileType = sourcecode.swift; name = L10n.swift; path = "ReelAtlas/App/L10n.swift"; sourceTree = SOURCE_ROOT; };
		BB22BB22BB22BB22BB22BB22 /* GenreLocalization.swift */ = {isa = PBXFileReference; lastKnownFileType = sourcecode.swift; name = GenreLocalization.swift; path = "ReelAtlas/App/GenreLocalization.swift"; sourceTree = SOURCE_ROOT; };
		BB33BB33BB33BB33BB33BB33 /* Localizable.xcstrings */ = {isa = PBXFileReference; lastKnownFileType = text.json.xcstrings; name = Localizable.xcstrings; path = "ReelAtlas/Resources/Localizable.xcstrings"; sourceTree = SOURCE_ROOT; };
		9EF503381B992287151128BF /* AppModel.swift */ = {isa = PBXFileReference; lastKnownFileType = sourcecode.swift; name = AppModel.swift; path = "ReelAtlas/App/AppModel.swift"; sourceTree = SOURCE_ROOT; };
		5E55BF5F8B10A148CDCE1D14 /* ReelAtlasApp.swift */ = {isa = PBXFileReference; lastKnownFileType = sourcecode.swift; name = ReelAtlasApp.swift; path = "ReelAtlas/App/ReelAtlasApp.swift"; sourceTree = SOURCE_ROOT; };
		91B93D641D86DA36F2A4869E /* Domain.swift */ = {isa = PBXFileReference; lastKnownFileType = sourcecode.swift; name = Domain.swift; path = "ReelAtlas/Core/Domain.swift"; sourceTree = SOURCE_ROOT; };
		0BC1BD3B3BE5EA0528491E2A /* LanguageResolver.swift */ = {isa = PBXFileReference; lastKnownFileType = sourcecode.swift; name = LanguageResolver.swift; path = "ReelAtlas/Core/LanguageResolver.swift"; sourceTree = SOURCE_ROOT; };
		F339A0B8E2F629D8F3FB2D00 /* LocationFallbackResolver.swift */ = {isa = PBXFileReference; lastKnownFileType = sourcecode.swift; name = LocationFallbackResolver.swift; path = "ReelAtlas/Core/LocationFallbackResolver.swift"; sourceTree = SOURCE_ROOT; };
		7AE8E1B1F7F0934246C1F270 /* RankingCalculator.swift */ = {isa = PBXFileReference; lastKnownFileType = sourcecode.swift; name = RankingCalculator.swift; path = "ReelAtlas/Core/RankingCalculator.swift"; sourceTree = SOURCE_ROOT; };
		4A1E3BDCE6B767CB4A1A311C /* StoryTimeMatcher.swift */ = {isa = PBXFileReference; lastKnownFileType = sourcecode.swift; name = StoryTimeMatcher.swift; path = "ReelAtlas/Core/StoryTimeMatcher.swift"; sourceTree = SOURCE_ROOT; };
		D011A7D011A7D011A7D011A7 /* ResultsDrawerState.swift */ = {isa = PBXFileReference; lastKnownFileType = sourcecode.swift; name = ResultsDrawerState.swift; path = "ReelAtlas/Core/ResultsDrawerState.swift"; sourceTree = SOURCE_ROOT; };
		D022A7D022A7D022A7D022A7 /* RegionalCapitalResolver.swift */ = {isa = PBXFileReference; lastKnownFileType = sourcecode.swift; name = RegionalCapitalResolver.swift; path = "ReelAtlas/Core/RegionalCapitalResolver.swift"; sourceTree = SOURCE_ROOT; };
		6E0D1D2A4DA00DD02016B6DB /* AppModels.swift */ = {isa = PBXFileReference; lastKnownFileType = sourcecode.swift; name = AppModels.swift; path = "ReelAtlas/Data/AppModels.swift"; sourceTree = SOURCE_ROOT; };
		0516E96CD5535D01BCFE3B04 /* ContentRepository.swift */ = {isa = PBXFileReference; lastKnownFileType = sourcecode.swift; name = ContentRepository.swift; path = "ReelAtlas/Data/ContentRepository.swift"; sourceTree = SOURCE_ROOT; };
		A715C0DE0000000000000002 /* StoryContentSyncService.swift */ = {isa = PBXFileReference; lastKnownFileType = sourcecode.swift; name = StoryContentSyncService.swift; path = "ReelAtlas/Data/StoryContentSyncService.swift"; sourceTree = SOURCE_ROOT; };
		A715C0DE0000000000000004 /* CatalogDiscoveryService.swift */ = {isa = PBXFileReference; lastKnownFileType = sourcecode.swift; name = CatalogDiscoveryService.swift; path = "ReelAtlas/Data/CatalogDiscoveryService.swift"; sourceTree = SOURCE_ROOT; };
		DA8CE6E9DED9CF76F01CB8FE /* SQLiteSupport.swift */ = {isa = PBXFileReference; lastKnownFileType = sourcecode.swift; name = SQLiteSupport.swift; path = "ReelAtlas/Data/SQLiteSupport.swift"; sourceTree = SOURCE_ROOT; };
		1E4DD26FEF99784CA310BCFF /* UserDatabase.swift */ = {isa = PBXFileReference; lastKnownFileType = sourcecode.swift; name = UserDatabase.swift; path = "ReelAtlas/Data/UserDatabase.swift"; sourceTree = SOURCE_ROOT; };
		B4375501A72C9DE1B1CA7551 /* HomeView.swift */ = {isa = PBXFileReference; lastKnownFileType = sourcecode.swift; name = HomeView.swift; path = "ReelAtlas/Features/Home/HomeView.swift"; sourceTree = SOURCE_ROOT; };
		A715C0DE0000000000000006 /* FilmListView.swift */ = {isa = PBXFileReference; lastKnownFileType = sourcecode.swift; name = FilmListView.swift; path = "ReelAtlas/Features/Home/FilmListView.swift"; sourceTree = SOURCE_ROOT; };
		61DCCA4205B511DAEFF87741 /* LocalPosterView.swift */ = {isa = PBXFileReference; lastKnownFileType = sourcecode.swift; name = LocalPosterView.swift; path = "ReelAtlas/Features/Home/LocalPosterView.swift"; sourceTree = SOURCE_ROOT; };
		562F87B2992791CAB6868FAE /* MovieRowView.swift */ = {isa = PBXFileReference; lastKnownFileType = sourcecode.swift; name = MovieRowView.swift; path = "ReelAtlas/Features/Home/MovieRowView.swift"; sourceTree = SOURCE_ROOT; };
		79F170016F747653F1E1D820 /* YearPickerView.swift */ = {isa = PBXFileReference; lastKnownFileType = sourcecode.swift; name = YearPickerView.swift; path = "ReelAtlas/Features/Home/YearPickerView.swift"; sourceTree = SOURCE_ROOT; };
		6DBF363EF8A7EA7CB110E6C1 /* MovieDetailView.swift */ = {isa = PBXFileReference; lastKnownFileType = sourcecode.swift; name = MovieDetailView.swift; path = "ReelAtlas/Features/MovieDetail/MovieDetailView.swift"; sourceTree = SOURCE_ROOT; };
		08FD487AC1CCA21C1D54DBCE /* LegalPage.swift */ = {isa = PBXFileReference; lastKnownFileType = sourcecode.swift; name = LegalPage.swift; path = "ReelAtlas/Features/Settings/LegalPage.swift"; sourceTree = SOURCE_ROOT; };
		A1DEA2EBACA3B5907301CEC0 /* LegalPageView.swift */ = {isa = PBXFileReference; lastKnownFileType = sourcecode.swift; name = LegalPageView.swift; path = "ReelAtlas/Features/Settings/LegalPageView.swift"; sourceTree = SOURCE_ROOT; };
		401E5A1B5F40634691E95B18 /* SettingsView.swift */ = {isa = PBXFileReference; lastKnownFileType = sourcecode.swift; name = SettingsView.swift; path = "ReelAtlas/Features/Settings/SettingsView.swift"; sourceTree = SOURCE_ROOT; };
		5CD9BD357F250E7699B3AFC7 /* MapSearchService.swift */ = {isa = PBXFileReference; lastKnownFileType = sourcecode.swift; name = MapSearchService.swift; path = "ReelAtlas/Services/MapSearchService.swift"; sourceTree = SOURCE_ROOT; };
		B92075C8DCAEF72D7F2A5A5F /* PurchaseManager.swift */ = {isa = PBXFileReference; lastKnownFileType = sourcecode.swift; name = PurchaseManager.swift; path = "ReelAtlas/Services/PurchaseManager.swift"; sourceTree = SOURCE_ROOT; };
		56E2770C3F1E92C1A9D818D2 /* schema.sql */ = {isa = PBXFileReference; lastKnownFileType = text; name = schema.sql; path = "ReelAtlas/Resources/schema.sql"; sourceTree = SOURCE_ROOT; };
		57C7514EFEBEE51A1A992E32 /* Privacy.md */ = {isa = PBXFileReference; lastKnownFileType = net.daringfireball.markdown; name = Privacy.md; path = "ReelAtlas/Resources/Legal/Privacy.md"; sourceTree = SOURCE_ROOT; };
			008E84BC0BFA563224D5B539 /* Terms.md */ = {isa = PBXFileReference; lastKnownFileType = net.daringfireball.markdown; name = Terms.md; path = "ReelAtlas/Resources/Legal/Terms.md"; sourceTree = SOURCE_ROOT; };
			0A1B2C3D4E5F678901234568 /* PrivacyInfo.xcprivacy */ = {isa = PBXFileReference; lastKnownFileType = text.plist.xml; name = PrivacyInfo.xcprivacy; path = "ReelAtlas/Resources/PrivacyInfo.xcprivacy"; sourceTree = SOURCE_ROOT; };
		34F686D89FE98D7807DD38CB /* ReelSpan.app */ = {isa = PBXFileReference; explicitFileType = wrapper.application; includeInIndex = 0; path = ReelSpan.app; sourceTree = BUILT_PRODUCTS_DIR; };
/* End PBXFileReference section */

/* Begin PBXFrameworksBuildPhase section */
		196738691649AC2E2FD321A6 /* Frameworks */ = {isa = PBXFrameworksBuildPhase; buildActionMask = 2147483647; files = (); runOnlyForDeploymentPostprocessing = 0; };
/* End PBXFrameworksBuildPhase section */

/* Begin PBXGroup section */
		2EB2D8158FC6EF9EB19CB439 = {isa = PBXGroup; children = (2568F4DEBB06535449829F17 /* Sources */, 567F2FDE2E8D3E9A09D6C13B /* Resources */, 1E78B559816E575FC0BDB29C /* Products */); sourceTree = "<group>"; };
		2568F4DEBB06535449829F17 /* Sources */ = {isa = PBXGroup; children = (
            A716C0DE0000000000000004 /* ContributionDuplicatePolicy.swift */,
            A716C0DE0000000000000002 /* CatalogSyncSchema.swift */,
			AC0100000000000000000002 /* SearchAndTip.swift */,
			CDCDCDCDCDCDCDCDCDCD0006 /* FilmGroupRules.swift */,
			CDCDCDCDCDCDCDCDCDCD0004 /* ContributionHubView.swift */,
			CDCDCDCDCDCDCDCDCDCD0002 /* ContributionService.swift */,
			A110A110A110A110A110A110 /* MovieMetadataService.swift */,
			A112A112A112A112A112A112 /* MovieMetadataStore.swift */,
			A102A102A102A102A102A102 /* MovieMetadataModels.swift */,
			A104A104A104A104A104A104 /* MovieMetadataRequest.swift */,
			A106A106A106A106A106A106 /* MovieMetadataCache.swift */,
			A108A108A108A108A108A108 /* MovieCachePolicy.swift */,
			9EF503381B992287151128BF /* AppModel.swift */,
			BB88BB88BB88BB88BB88BB88 /* RootView.swift */,
			BB11BB11BB11BB11BB11BB11 /* L10n.swift */,
			BB22BB22BB22BB22BB22BB22 /* GenreLocalization.swift */,
			5E55BF5F8B10A148CDCE1D14 /* ReelAtlasApp.swift */,
			91B93D641D86DA36F2A4869E /* Domain.swift */,
			BB99BB99BB99BB99BB99BB99 /* HistoricalYearFormatter.swift */,
			0BC1BD3B3BE5EA0528491E2A /* LanguageResolver.swift */,
			F339A0B8E2F629D8F3FB2D00 /* LocationFallbackResolver.swift */,
			7AE8E1B1F7F0934246C1F270 /* RankingCalculator.swift */,
			4A1E3BDCE6B767CB4A1A311C /* StoryTimeMatcher.swift */,
			D011A7D011A7D011A7D011A7 /* ResultsDrawerState.swift */,
			D022A7D022A7D022A7D022A7 /* RegionalCapitalResolver.swift */,
			6E0D1D2A4DA00DD02016B6DB /* AppModels.swift */,
			0516E96CD5535D01BCFE3B04 /* ContentRepository.swift */,
			A715C0DE0000000000000002 /* StoryContentSyncService.swift */,
			A715C0DE0000000000000004 /* CatalogDiscoveryService.swift */,
			DA8CE6E9DED9CF76F01CB8FE /* SQLiteSupport.swift */,
			1E4DD26FEF99784CA310BCFF /* UserDatabase.swift */,
			B4375501A72C9DE1B1CA7551 /* HomeView.swift */,
			A715C0DE0000000000000006 /* FilmListView.swift */,
			61DCCA4205B511DAEFF87741 /* LocalPosterView.swift */,
			562F87B2992791CAB6868FAE /* MovieRowView.swift */,
			79F170016F747653F1E1D820 /* YearPickerView.swift */,
			6DBF363EF8A7EA7CB110E6C1 /* MovieDetailView.swift */,
			08FD487AC1CCA21C1D54DBCE /* LegalPage.swift */,
			A1DEA2EBACA3B5907301CEC0 /* LegalPageView.swift */,
			401E5A1B5F40634691E95B18 /* SettingsView.swift */,
			5CD9BD357F250E7699B3AFC7 /* MapSearchService.swift */,
			B92075C8DCAEF72D7F2A5A5F /* PurchaseManager.swift */,
		); name = Sources; sourceTree = "<group>"; };
		567F2FDE2E8D3E9A09D6C13B /* Resources */ = {isa = PBXGroup; children = (
			AC0100000000000000000003 /* Tips.storekit */,
			A1C001000000000000000002 /* Assets.xcassets */,
			BB33BB33BB33BB33BB33BB33 /* Localizable.xcstrings */,
			56E2770C3F1E92C1A9D818D2 /* schema.sql */,
			57C7514EFEBEE51A1A992E32 /* Privacy.md */,
			008E84BC0BFA563224D5B539 /* Terms.md */,
			0A1B2C3D4E5F678901234568 /* PrivacyInfo.xcprivacy */,
		); name = Resources; sourceTree = "<group>"; };
		1E78B559816E575FC0BDB29C /* Products */ = {isa = PBXGroup; children = (34F686D89FE98D7807DD38CB /* ReelSpan.app */); name = Products; sourceTree = "<group>"; };
/* End PBXGroup section */

/* Begin PBXNativeTarget section */
		1822280F6B0881F495C33105 /* ReelSpan */ = {isa = PBXNativeTarget; buildConfigurationList = E31BA15CC04B0F0B923553D1; buildPhases = (B0193229F5D633567D732C36, 196738691649AC2E2FD321A6, 8B0AD72DF5FB9B933D77B1AB); buildRules = (); dependencies = (); name = ReelSpan; productName = ReelSpan; productReference = 34F686D89FE98D7807DD38CB; productType = "com.apple.product-type.application"; };
/* End PBXNativeTarget section */

/* Begin PBXProject section */
		9E88446A3F44B57E975BE17B /* Project object */ = {isa = PBXProject; attributes = {BuildIndependentTargetsInParallel = 1; LastSwiftUpdateCheck = 1600; LastUpgradeCheck = 1600; TargetAttributes = {1822280F6B0881F495C33105 = {CreatedOnToolsVersion = 16.0; }; }; }; buildConfigurationList = 314425BAD361EE8153704C56; compatibilityVersion = "Xcode 15.0"; developmentRegion = en; hasScannedForEncodings = 0; knownRegions = (en, "zh-Hans", Base); mainGroup = 2EB2D8158FC6EF9EB19CB439; productRefGroup = 1E78B559816E575FC0BDB29C; projectDirPath = ""; projectRoot = ""; targets = (1822280F6B0881F495C33105); };
/* End PBXProject section */

/* Begin PBXResourcesBuildPhase section */
		8B0AD72DF5FB9B933D77B1AB /* Resources */ = {isa = PBXResourcesBuildPhase; buildActionMask = 2147483647; files = (
			A1C001000000000000000001 /* Assets.xcassets in Resources */,
			AA33AA33AA33AA33AA33AA33 /* Localizable.xcstrings in Resources */,
			C8BB2EAD0B288DD9D1F913DA /* schema.sql in Resources */,
			7600DB4DC55071FDB57DDEAA /* Privacy.md in Resources */,
			62D368F9B21651CF6C9DAE55 /* Terms.md in Resources */,
			0A1B2C3D4E5F678901234567 /* PrivacyInfo.xcprivacy in Resources */,
		); runOnlyForDeploymentPostprocessing = 0; };
/* End PBXResourcesBuildPhase section */

/* Begin PBXSourcesBuildPhase section */
		B0193229F5D633567D732C36 /* Sources */ = {isa = PBXSourcesBuildPhase; buildActionMask = 2147483647; files = (
            A716C0DE0000000000000003 /* ContributionDuplicatePolicy.swift in Sources */,
            A716C0DE0000000000000001 /* CatalogSyncSchema.swift in Sources */,
			AC0100000000000000000001 /* SearchAndTip.swift in Sources */,
				CDCDCDCDCDCDCDCDCDCD0005 /* FilmGroupRules.swift in Sources */,
				CDCDCDCDCDCDCDCDCDCD0003 /* ContributionHubView.swift in Sources */,
				CDCDCDCDCDCDCDCDCDCD0001 /* ContributionService.swift in Sources */,
			A109A109A109A109A109A109 /* MovieMetadataService.swift in Sources */,
			A111A111A111A111A111A111 /* MovieMetadataStore.swift in Sources */,
			A101A101A101A101A101A101 /* MovieMetadataModels.swift in Sources */,
			A103A103A103A103A103A103 /* MovieMetadataRequest.swift in Sources */,
			A105A105A105A105A105A105 /* MovieMetadataCache.swift in Sources */,
			A107A107A107A107A107A107 /* MovieCachePolicy.swift in Sources */,
			5FD849EDF8AF183A0AE8AA71 /* AppModel.swift in Sources */,
			AA88AA88AA88AA88AA88AA88 /* RootView.swift in Sources */,
			AA11AA11AA11AA11AA11AA11 /* L10n.swift in Sources */,
			AA22AA22AA22AA22AA22AA22 /* GenreLocalization.swift in Sources */,
			3DEC398AE3A7CE9F5F4A965B /* ReelAtlasApp.swift in Sources */,
			AF51D791F464B8E48D129932 /* Domain.swift in Sources */,
			AA99AA99AA99AA99AA99AA99 /* HistoricalYearFormatter.swift in Sources */,
			C4DA915FA7BA04C5FB3375F3 /* LanguageResolver.swift in Sources */,
			4DE5D44A93B85EBE0821CEB5 /* LocationFallbackResolver.swift in Sources */,
			EB426DD4C02DECE0F4E7972A /* RankingCalculator.swift in Sources */,
			B183FF6C9FC38609B6D09D73 /* StoryTimeMatcher.swift in Sources */,
			C011A7C011A7C011A7C011A7 /* ResultsDrawerState.swift in Sources */,
			C022A7C022A7C022A7C022A7 /* RegionalCapitalResolver.swift in Sources */,
			546A149725638EAE0FD29399 /* AppModels.swift in Sources */,
			C7374887F0423BFB9474AB50 /* ContentRepository.swift in Sources */,
			A715C0DE0000000000000001 /* StoryContentSyncService.swift in Sources */,
			A715C0DE0000000000000003 /* CatalogDiscoveryService.swift in Sources */,
			7BDBE1CDFD06A2C50B4BE534 /* SQLiteSupport.swift in Sources */,
			9345AD4F8BC1A8C967EF87BA /* UserDatabase.swift in Sources */,
			73AC59DC38C4BCAE90CB6A51 /* HomeView.swift in Sources */,
			A715C0DE0000000000000005 /* FilmListView.swift in Sources */,
			43C410B1320B5E42110E8BD5 /* LocalPosterView.swift in Sources */,
			61CA3745500A39737E07867D /* MovieRowView.swift in Sources */,
			F08D810C7806746D3128B323 /* YearPickerView.swift in Sources */,
			BB076408A9E10FA39AAAF21B /* MovieDetailView.swift in Sources */,
			CB1076C84BD57B760C1C6FF2 /* LegalPage.swift in Sources */,
			B4F683168D6A06CFE21D97A7 /* LegalPageView.swift in Sources */,
			C39F17A9D8D426101588E4EF /* SettingsView.swift in Sources */,
			208E9A9A576B2D68BA8ACC98 /* MapSearchService.swift in Sources */,
			FE31D6C0EE53232F44E942C6 /* PurchaseManager.swift in Sources */,
		); runOnlyForDeploymentPostprocessing = 0; };
/* End PBXSourcesBuildPhase section */

/* Begin XCBuildConfiguration section */
		BFD315016DE16320F7E2120C /* Debug */ = {isa = XCBuildConfiguration; buildSettings = {ALWAYS_SEARCH_USER_PATHS = NO; CLANG_ENABLE_MODULES = YES; CLANG_ENABLE_OBJC_ARC = YES; ENABLE_STRICT_OBJC_MSGSEND = YES; GCC_C_LANGUAGE_STANDARD = gnu17; SWIFT_VERSION = 5.0; DEBUG_INFORMATION_FORMAT = dwarf; ENABLE_TESTABILITY = YES; GCC_OPTIMIZATION_LEVEL = 0; ONLY_ACTIVE_ARCH = YES; SWIFT_OPTIMIZATION_LEVEL = "-Onone"; }; name = Debug; };
		1D8C0C6B1D22EA8C7669B263 /* Release */ = {isa = XCBuildConfiguration; buildSettings = {ALWAYS_SEARCH_USER_PATHS = NO; CLANG_ENABLE_MODULES = YES; CLANG_ENABLE_OBJC_ARC = YES; ENABLE_STRICT_OBJC_MSGSEND = YES; GCC_C_LANGUAGE_STANDARD = gnu17; SWIFT_VERSION = 5.0; DEBUG_INFORMATION_FORMAT = "dwarf-with-dsym"; SWIFT_COMPILATION_MODE = wholemodule; SWIFT_OPTIMIZATION_LEVEL = "-O"; }; name = Release; };
		75BB3D5A44EA88B6630AB580 /* Debug */ = {isa = XCBuildConfiguration; buildSettings = {ASSETCATALOG_COMPILER_APPICON_NAME = AppIcon; CODE_SIGN_ENTITLEMENTS = ReelAtlas/ReelSpan.entitlements; CODE_SIGN_STYLE = Automatic; CURRENT_PROJECT_VERSION = 12; DEVELOPMENT_TEAM = KCC8FFFAA5; GENERATE_INFOPLIST_FILE = NO; INFOPLIST_FILE = ReelAtlas/Resources/Info.plist; IPHONEOS_DEPLOYMENT_TARGET = 17.0; LD_RUNPATH_SEARCH_PATHS = "$(inherited) @executable_path/Frameworks"; MARKETING_VERSION = 1.0; OTHER_LDFLAGS = "$(inherited) -lsqlite3"; PRODUCT_BUNDLE_IDENTIFIER = com.xiaoguiwk.ReelSpan; PRODUCT_NAME = "$(TARGET_NAME)"; SDKROOT = iphoneos; SUPPORTED_PLATFORMS = "iphoneos iphonesimulator"; SUPPORTS_MACCATALYST = NO; SWIFT_EMIT_LOC_STRINGS = YES; TARGETED_DEVICE_FAMILY = 1; SWIFT_ACTIVE_COMPILATION_CONDITIONS = "DEBUG $(inherited)"; }; name = Debug; };
		78E9FF212122B0C0397A6DB4 /* Release */ = {isa = XCBuildConfiguration; buildSettings = {ASSETCATALOG_COMPILER_APPICON_NAME = AppIcon; CODE_SIGN_ENTITLEMENTS = ReelAtlas/ReelSpan.entitlements; CODE_SIGN_STYLE = Automatic; CURRENT_PROJECT_VERSION = 12; DEVELOPMENT_TEAM = KCC8FFFAA5; GENERATE_INFOPLIST_FILE = NO; INFOPLIST_FILE = ReelAtlas/Resources/Info.plist; IPHONEOS_DEPLOYMENT_TARGET = 17.0; LD_RUNPATH_SEARCH_PATHS = "$(inherited) @executable_path/Frameworks"; MARKETING_VERSION = 1.0; OTHER_LDFLAGS = "$(inherited) -lsqlite3"; PRODUCT_BUNDLE_IDENTIFIER = com.xiaoguiwk.ReelSpan; PRODUCT_NAME = "$(TARGET_NAME)"; SDKROOT = iphoneos; SUPPORTED_PLATFORMS = "iphoneos iphonesimulator"; SUPPORTS_MACCATALYST = NO; SWIFT_EMIT_LOC_STRINGS = YES; TARGETED_DEVICE_FAMILY = 1; }; name = Release; };
/* End XCBuildConfiguration section */

/* Begin XCConfigurationList section */
		314425BAD361EE8153704C56 = {isa = XCConfigurationList; buildConfigurations = (BFD315016DE16320F7E2120C, 1D8C0C6B1D22EA8C7669B263); defaultConfigurationIsVisible = 0; defaultConfigurationName = Release; };
		E31BA15CC04B0F0B923553D1 = {isa = XCConfigurationList; buildConfigurations = (75BB3D5A44EA88B6630AB580, 78E9FF212122B0C0397A6DB4); defaultConfigurationIsVisible = 0; defaultConfigurationName = Release; };
/* End XCConfigurationList section */
	};
	rootObject = 9E88446A3F44B57E975BE17B /* Project object */;
}
